// !$*UTF8*$!
{
	archiveVersion = 1;
	classes = {
	};
	objectVersion = 50;
	objects = {

/* Begin PBXBuildFile section */
		638050430F27F6188CEC3A06 /* Pods_Ekomnob_MobileApp.framework in Frameworks */ = {isa = PBXBuildFile; fileRef = BD505AD9A349C720535FC9E1 /* Pods_Ekomnob_MobileApp.framework */; };
		640C222C20CBD88F00AFB917 /* AppDelegate.swift in Sources */ = {isa = PBXBuildFile; fileRef = 640C222B20CBD88F00AFB917 /* AppDelegate.swift */; };
		640C223120CBD88F00AFB917 /* Main.storyboard in Resources */ = {isa = PBXBuildFile; fileRef = 640C222F20CBD88F00AFB917 /* Main.storyboard */; };
		640C223320CBD89200AFB917 /* Assets.xcassets in Resources */ = {isa = PBXBuildFile; fileRef = 640C223220CBD89200AFB917 /* Assets.xcassets */; };
		640C223620CBD89200AFB917 /* LaunchScreen.storyboard in Resources */ = {isa = PBXBuildFile; fileRef = 640C223420CBD89200AFB917 /* LaunchScreen.storyboard */; };
		640C224320CBE03600AFB917 /* SignInViewController.swift in Sources */ = {isa = PBXBuildFile; fileRef = 640C224220CBE03600AFB917 /* SignInViewController.swift */; };
		640C224520CBE04600AFB917 /* RegisterViewController.swift in Sources */ = {isa = PBXBuildFile; fileRef = 640C224420CBE04600AFB917 /* RegisterViewController.swift */; };
		640C225120CBE39D00AFB917 /* Constants.swift in Sources */ = {isa = PBXBuildFile; fileRef = 640C225020CBE39D00AFB917 /* Constants.swift */; };
		640C225320CBE3AF00AFB917 /* Configs.swift in Sources */ = {isa = PBXBuildFile; fileRef = 640C225220CBE3AF00AFB917 /* Configs.swift */; };
		640C225520D12D0800AFB917 /* HomeTableViewController.swift in Sources */ = {isa = PBXBuildFile; fileRef = 640C225420D12D0800AFB917 /* HomeTableViewController.swift */; };
		640C225720D12D7000AFB917 /* HomeTableViewCell.swift in Sources */ = {isa = PBXBuildFile; fileRef = 640C225620D12D7000AFB917 /* HomeTableViewCell.swift */; };
		641EA86320D136B10042076A /* VideoTableViewCell.swift in Sources */ = {isa = PBXBuildFile; fileRef = 641EA86220D136B10042076A /* VideoTableViewCell.swift */; };
		641EA86520D136CC0042076A /* VideoTableViewController.swift in Sources */ = {isa = PBXBuildFile; fileRef = 641EA86420D136CC0042076A /* VideoTableViewController.swift */; };
		641EA86820D144090042076A /* PostContentTableViewController.swift in Sources */ = {isa = PBXBuildFile; fileRef = 641EA86720D144090042076A /* PostContentTableViewController.swift */; };
		6463AD7320D61B2F002B405D /* UserProfileTableViewController.swift in Sources */ = {isa = PBXBuildFile; fileRef = 6463AD7220D61B2F002B405D /* UserProfileTableViewController.swift */; };
		648ECD2E20D6B35400BC1AA8 /* Auth.swift in Sources */ = {isa = PBXBuildFile; fileRef = 648ECD2D20D6B35400BC1AA8 /* Auth.swift */; };
		648ECD3020D6B72600BC1AA8 /* ForgotPasswordViewController.swift in Sources */ = {isa = PBXBuildFile; fileRef = 648ECD2F20D6B72600BC1AA8 /* ForgotPasswordViewController.swift */; };
		64AC348120D6D221007D10BA /* PostContentTableViewCell.swift in Sources */ = {isa = PBXBuildFile; fileRef = 64AC348020D6D221007D10BA /* PostContentTableViewCell.swift */; };
		64AC348320D6EB01007D10BA /* ContentTypes.swift in Sources */ = {isa = PBXBuildFile; fileRef = 64AC348220D6EB01007D10BA /* ContentTypes.swift */; };
		64AC348520D6EB43007D10BA /* LocalDataStore.swift in Sources */ = {isa = PBXBuildFile; fileRef = 64AC348420D6EB43007D10BA /* LocalDataStore.swift */; };
		64AC348720D6EB8C007D10BA /* ContentTypeModel.swift in Sources */ = {isa = PBXBuildFile; fileRef = 64AC348620D6EB8C007D10BA /* ContentTypeModel.swift */; };
		64ADC84420D8013200E00470 /* ContentPostModel.swift in Sources */ = {isa = PBXBuildFile; fileRef = 64ADC84320D8013200E00470 /* ContentPostModel.swift */; };
		64ADC84620D807F200E00470 /* ContentPosts.swift in Sources */ = {isa = PBXBuildFile; fileRef = 64ADC84520D807F200E00470 /* ContentPosts.swift */; };
		64ADC84820D824E700E00470 /* MoreTableViewCell.swift in Sources */ = {isa = PBXBuildFile; fileRef = 64ADC84720D824E700E00470 /* MoreTableViewCell.swift */; };
		64ADC84A20D824F800E00470 /* MoreTableViewController.swift in Sources */ = {isa = PBXBuildFile; fileRef = 64ADC84920D824F800E00470 /* MoreTableViewController.swift */; };
/* End PBXBuildFile section */

/* Begin PBXFileReference section */
		640C222820CBD88F00AFB917 /* Ekomnob_MobileApp.app */ = {isa = PBXFileReference; explicitFileType = wrapper.application; includeInIndex = 0; path = Ekomnob_MobileApp.app; sourceTree = BUILT_PRODUCTS_DIR; };
		640C222B20CBD88F00AFB917 /* AppDelegate.swift */ = {isa = PBXFileReference; lastKnownFileType = sourcecode.swift; path = AppDelegate.swift; sourceTree = "<group>"; };
		640C223020CBD88F00AFB917 /* Base */ = {isa = PBXFileReference; lastKnownFileType = file.storyboard; name = Base; path = Base.lproj/Main.storyboard; sourceTree = "<group>"; };
		640C223220CBD89200AFB917 /* Assets.xcassets */ = {isa = PBXFileReference; lastKnownFileType = folder.assetcatalog; path = Assets.xcassets; sourceTree = "<group>"; };
		640C223520CBD89200AFB917 /* Base */ = {isa = PBXFileReference; lastKnownFileType = file.storyboard; name = Base; path = Base.lproj/LaunchScreen.storyboard; sourceTree = "<group>"; };
		640C223720CBD89200AFB917 /* Info.plist */ = {isa = PBXFileReference; lastKnownFileType = text.plist.xml; path = Info.plist; sourceTree = "<group>"; };
		640C224220CBE03600AFB917 /* SignInViewController.swift */ = {isa = PBXFileReference; lastKnownFileType = sourcecode.swift; path = SignInViewController.swift; sourceTree = "<group>"; };
		640C224420CBE04600AFB917 /* RegisterViewController.swift */ = {isa = PBXFileReference; lastKnownFileType = sourcecode.swift; path = RegisterViewController.swift; sourceTree = "<group>"; };
		640C225020CBE39D00AFB917 /* Constants.swift */ = {isa = PBXFileReference; lastKnownFileType = sourcecode.swift; path = Constants.swift; sourceTree = "<group>"; };
		640C225220CBE3AF00AFB917 /* Configs.swift */ = {isa = PBXFileReference; lastKnownFileType = sourcecode.swift; path = Configs.swift; sourceTree = "<group>"; };
		640C225420D12D0800AFB917 /* HomeTableViewController.swift */ = {isa = PBXFileReference; lastKnownFileType = sourcecode.swift; path = HomeTableViewController.swift; sourceTree = "<group>"; };
		640C225620D12D7000AFB917 /* HomeTableViewCell.swift */ = {isa = PBXFileReference; lastKnownFileType = sourcecode.swift; path = HomeTableViewCell.swift; sourceTree = "<group>"; };
		641EA86220D136B10042076A /* VideoTableViewCell.swift */ = {isa = PBXFileReference; lastKnownFileType = sourcecode.swift; path = VideoTableViewCell.swift; sourceTree = "<group>"; };
		641EA86420D136CC0042076A /* VideoTableViewController.swift */ = {isa = PBXFileReference; lastKnownFileType = sourcecode.swift; path = VideoTableViewController.swift; sourceTree = "<group>"; };
		641EA86720D144090042076A /* PostContentTableViewController.swift */ = {isa = PBXFileReference; lastKnownFileType = sourcecode.swift; path = PostContentTableViewController.swift; sourceTree = "<group>"; };
		6431242120EB1A5000DE6048 /* km */ = {isa = PBXFileReference; lastKnownFileType = text.plist.strings; name = km; path = km.lproj/Main.strings; sourceTree = "<group>"; };
		6431242220EB1A5000DE6048 /* km */ = {isa = PBXFileReference; lastKnownFileType = text.plist.strings; name = km; path = km.lproj/LaunchScreen.strings; sourceTree = "<group>"; };
		6463AD7220D61B2F002B405D /* UserProfileTableViewController.swift */ = {isa = PBXFileReference; lastKnownFileType = sourcecode.swift; path = UserProfileTableViewController.swift; sourceTree = "<group>"; };
		648ECD2D20D6B35400BC1AA8 /* Auth.swift */ = {isa = PBXFileReference; lastKnownFileType = sourcecode.swift; path = Auth.swift; sourceTree = "<group>"; };
		648ECD2F20D6B72600BC1AA8 /* ForgotPasswordViewController.swift */ = {isa = PBXFileReference; lastKnownFileType = sourcecode.swift; path = ForgotPasswordViewController.swift; sourceTree = "<group>"; };
		64AC348020D6D221007D10BA /* PostContentTableViewCell.swift */ = {isa = PBXFileReference; lastKnownFileType = sourcecode.swift; path = PostContentTableViewCell.swift; sourceTree = "<group>"; };
		64AC348220D6EB01007D10BA /* ContentTypes.swift */ = {isa = PBXFileReference; lastKnownFileType = sourcecode.swift; path = ContentTypes.swift; sourceTree = "<group>"; };
		64AC348420D6EB43007D10BA /* LocalDataStore.swift */ = {isa = PBXFileReference; lastKnownFileType = sourcecode.swift; path = LocalDataStore.swift; sourceTree = "<group>"; };
		64AC348620D6EB8C007D10BA /* ContentTypeModel.swift */ = {isa = PBXFileReference; lastKnownFileType = sourcecode.swift; path = ContentTypeModel.swift; sourceTree = "<group>"; };
		64ADC84320D8013200E00470 /* ContentPostModel.swift */ = {isa = PBXFileReference; lastKnownFileType = sourcecode.swift; path = ContentPostModel.swift; sourceTree = "<group>"; };
		64ADC84520D807F200E00470 /* ContentPosts.swift */ = {isa = PBXFileReference; lastKnownFileType = sourcecode.swift; path = ContentPosts.swift; sourceTree = "<group>"; };
		64ADC84720D824E700E00470 /* MoreTableViewCell.swift */ = {isa = PBXFileReference; lastKnownFileType = sourcecode.swift; path = MoreTableViewCell.swift; sourceTree = "<group>"; };
		64ADC84920D824F800E00470 /* MoreTableViewController.swift */ = {isa = PBXFileReference; lastKnownFileType = sourcecode.swift; path = MoreTableViewController.swift; sourceTree = "<group>"; };
		AE07B4DCE1EC8F2E03D9D459 /* Pods-Ekomnob_MobileApp.release.xcconfig */ = {isa = PBXFileReference; includeInIndex = 1; lastKnownFileType = text.xcconfig; name = "Pods-Ekomnob_MobileApp.release.xcconfig"; path = "Pods/Target Support Files/Pods-Ekomnob_MobileApp/Pods-Ekomnob_MobileApp.release.xcconfig"; sourceTree = "<group>"; };
		BD505AD9A349C720535FC9E1 /* Pods_Ekomnob_MobileApp.framework */ = {isa = PBXFileReference; explicitFileType = wrapper.framework; includeInIndex = 0; path = Pods_Ekomnob_MobileApp.framework; sourceTree = BUILT_PRODUCTS_DIR; };
		F8249FB5F8BAE353EC72AF27 /* Pods-Ekomnob_MobileApp.debug.xcconfig */ = {isa = PBXFileReference; includeInIndex = 1; lastKnownFileType = text.xcconfig; name = "Pods-Ekomnob_MobileApp.debug.xcconfig"; path = "Pods/Target Support Files/Pods-Ekomnob_MobileApp/Pods-Ekomnob_MobileApp.debug.xcconfig"; sourceTree = "<group>"; };
/* End PBXFileReference section */

/* Begin PBXFrameworksBuildPhase section */
		640C222520CBD88F00AFB917 /* Frameworks */ = {
			isa = PBXFrameworksBuildPhase;
			buildActionMask = 2147483647;
			files = (
				638050430F27F6188CEC3A06 /* Pods_Ekomnob_MobileApp.framework in Frameworks */,
			);
			runOnlyForDeploymentPostprocessing = 0;
		};
/* End PBXFrameworksBuildPhase section */

/* Begin PBXGroup section */
		10D79ECF59AB0B3865137CD0 /* Frameworks */ = {
			isa = PBXGroup;
			children = (
				BD505AD9A349C720535FC9E1 /* Pods_Ekomnob_MobileApp.framework */,
			);
			name = Frameworks;
			sourceTree = "<group>";
		};
		640C221F20CBD88F00AFB917 = {
			isa = PBXGroup;
			children = (
				640C222A20CBD88F00AFB917 /* Ekomnob_MobileApp */,
				640C222920CBD88F00AFB917 /* Products */,
				67CD25F28A98B8584DA0AFB4 /* Pods */,
				10D79ECF59AB0B3865137CD0 /* Frameworks */,
			);
			sourceTree = "<group>";
		};
		640C222920CBD88F00AFB917 /* Products */ = {
			isa = PBXGroup;
			children = (
				640C222820CBD88F00AFB917 /* Ekomnob_MobileApp.app */,
			);
			name = Products;
			sourceTree = "<group>";
		};
		640C222A20CBD88F00AFB917 /* Ekomnob_MobileApp */ = {
			isa = PBXGroup;
			children = (
				640C222B20CBD88F00AFB917 /* AppDelegate.swift */,
				640C222F20CBD88F00AFB917 /* Main.storyboard */,
				640C223420CBD89200AFB917 /* LaunchScreen.storyboard */,
				640C224F20CBE36700AFB917 /* Libraries */,
				640C224E20CBE35500AFB917 /* Model */,
				640C224D20CBE34900AFB917 /* Service */,
				640C223D20CBDEBD00AFB917 /* Controller */,
				640C223220CBD89200AFB917 /* Assets.xcassets */,
				640C223720CBD89200AFB917 /* Info.plist */,
			);
			path = Ekomnob_MobileApp;
			sourceTree = "<group>";
		};
		640C223D20CBDEBD00AFB917 /* Controller */ = {
			isa = PBXGroup;
			children = (
				6463AD7120D61AFC002B405D /* UserProfile */,
				641EA86620D143EB0042076A /* PostContents */,
				641EA86020D136900042076A /* ContentTypes */,
				640C223E20CBDECC00AFB917 /* SignIn */,
				640C224620CBE1CF00AFB917 /* Home */,
				640C224920CBE2A600AFB917 /* Trending */,
				640C224A20CBE2C400AFB917 /* Following */,
				640C224B20CBE2DA00AFB917 /* Notification */,
				640C224C20CBE2EA00AFB917 /* More */,
			);
			path = Controller;
			sourceTree = "<group>";
		};
		640C223E20CBDECC00AFB917 /* SignIn */ = {
			isa = PBXGroup;
			children = (
				640C224120CBDEEC00AFB917 /* Forgotpassword */,
				640C224020CBDEE500AFB917 /* Register */,
				640C223F20CBDED800AFB917 /* SignIn */,
			);
			path = SignIn;
			sourceTree = "<group>";
		};
		640C223F20CBDED800AFB917 /* SignIn */ = {
			isa = PBXGroup;
			children = (
				640C224220CBE03600AFB917 /* SignInViewController.swift */,
			);
			path = SignIn;
			sourceTree = "<group>";
		};
		640C224020CBDEE500AFB917 /* Register */ = {
			isa = PBXGroup;
			children = (
				640C224420CBE04600AFB917 /* RegisterViewController.swift */,
			);
			path = Register;
			sourceTree = "<group>";
		};
		640C224120CBDEEC00AFB917 /* Forgotpassword */ = {
			isa = PBXGroup;
			children = (
				648ECD2F20D6B72600BC1AA8 /* ForgotPasswordViewController.swift */,
			);
			path = Forgotpassword;
			sourceTree = "<group>";
		};
		640C224620CBE1CF00AFB917 /* Home */ = {
			isa = PBXGroup;
			children = (
				640C225620D12D7000AFB917 /* HomeTableViewCell.swift */,
				640C225420D12D0800AFB917 /* HomeTableViewController.swift */,
			);
			path = Home;
			sourceTree = "<group>";
		};
		640C224920CBE2A600AFB917 /* Trending */ = {
			isa = PBXGroup;
			children = (
			);
			path = Trending;
			sourceTree = "<group>";
		};
		640C224A20CBE2C400AFB917 /* Following */ = {
			isa = PBXGroup;
			children = (
			);
			path = Following;
			sourceTree = "<group>";
		};
		640C224B20CBE2DA00AFB917 /* Notification */ = {
			isa = PBXGroup;
			children = (
			);
			path = Notification;
			sourceTree = "<group>";
		};
		640C224C20CBE2EA00AFB917 /* More */ = {
			isa = PBXGroup;
			children = (
				64ADC84720D824E700E00470 /* MoreTableViewCell.swift */,
				64ADC84920D824F800E00470 /* MoreTableViewController.swift */,
				64ADC84B20D832B200E00470 /* DonateUs */,
			);
			path = More;
			sourceTree = "<group>";
		};
		640C224D20CBE34900AFB917 /* Service */ = {
			isa = PBXGroup;
			children = (
				648ECD2D20D6B35400BC1AA8 /* Auth.swift */,
				64AC348220D6EB01007D10BA /* ContentTypes.swift */,
				64ADC84520D807F200E00470 /* ContentPosts.swift */,
				64AC348420D6EB43007D10BA /* LocalDataStore.swift */,
			);
			path = Service;
			sourceTree = "<group>";
		};
		640C224E20CBE35500AFB917 /* Model */ = {
			isa = PBXGroup;
			children = (
				64AC348620D6EB8C007D10BA /* ContentTypeModel.swift */,
				64ADC84320D8013200E00470 /* ContentPostModel.swift */,
			);
			path = Model;
			sourceTree = "<group>";
		};
		640C224F20CBE36700AFB917 /* Libraries */ = {
			isa = PBXGroup;
			children = (
				640C225020CBE39D00AFB917 /* Constants.swift */,
				640C225220CBE3AF00AFB917 /* Configs.swift */,
			);
			path = Libraries;
			sourceTree = "<group>";
		};
		641EA86020D136900042076A /* ContentTypes */ = {
			isa = PBXGroup;
			children = (
				641EA86120D1369B0042076A /* Video */,
			);
			path = ContentTypes;
			sourceTree = "<group>";
		};
		641EA86120D1369B0042076A /* Video */ = {
			isa = PBXGroup;
			children = (
				641EA86420D136CC0042076A /* VideoTableViewController.swift */,
				641EA86220D136B10042076A /* VideoTableViewCell.swift */,
			);
			path = Video;
			sourceTree = "<group>";
		};
		641EA86620D143EB0042076A /* PostContents */ = {
			isa = PBXGroup;
			children = (
				641EA86720D144090042076A /* PostContentTableViewController.swift */,
				64AC348020D6D221007D10BA /* PostContentTableViewCell.swift */,
			);
			path = PostContents;
			sourceTree = "<group>";
		};
		6463AD7120D61AFC002B405D /* UserProfile */ = {
			isa = PBXGroup;
			children = (
				6463AD7220D61B2F002B405D /* UserProfileTableViewController.swift */,
			);
			path = UserProfile;
			sourceTree = "<group>";
		};
		64ADC84B20D832B200E00470 /* DonateUs */ = {
			isa = PBXGroup;
			children = (
			);
			path = DonateUs;
			sourceTree = "<group>";
		};
		67CD25F28A98B8584DA0AFB4 /* Pods */ = {
			isa = PBXGroup;
			children = (
				F8249FB5F8BAE353EC72AF27 /* Pods-Ekomnob_MobileApp.debug.xcconfig */,
				AE07B4DCE1EC8F2E03D9D459 /* Pods-Ekomnob_MobileApp.release.xcconfig */,
			);
			name = Pods;
			sourceTree = "<group>";
		};
/* End PBXGroup section */

/* Begin PBXNativeTarget section */
		640C222720CBD88F00AFB917 /* Ekomnob_MobileApp */ = {
			isa = PBXNativeTarget;
			buildConfigurationList = 640C223A20CBD89200AFB917 /* Build configuration list for PBXNativeTarget "Ekomnob_MobileApp" */;
			buildPhases = (
				6213713C5EB7C9A3E32464CD /* [CP] Check Pods Manifest.lock */,
				640C222420CBD88F00AFB917 /* Sources */,
				640C222520CBD88F00AFB917 /* Frameworks */,
				640C222620CBD88F00AFB917 /* Resources */,
				E6B4FC23099378304ABB6B5C /* [CP] Embed Pods Frameworks */,
				4A00AF3D876BB9FCCE3F275B /* [CP] Copy Pods Resources */,
			);
			buildRules = (
			);
			dependencies = (
			);
			name = Ekomnob_MobileApp;
			productName = Ekomnob_MobileApp;
			productReference = 640C222820CBD88F00AFB917 /* Ekomnob_MobileApp.app */;
			productType = "com.apple.product-type.application";
		};
/* End PBXNativeTarget section */

/* Begin PBXProject section */
		640C222020CBD88F00AFB917 /* Project object */ = {
			isa = PBXProject;
			attributes = {
				LastSwiftUpdateCheck = 0940;
				LastUpgradeCheck = 0940;
				ORGANIZATIONNAME = "Leng-chanratanak";
				TargetAttributes = {
					640C222720CBD88F00AFB917 = {
						CreatedOnToolsVersion = 9.4;
					};
				};
			};
			buildConfigurationList = 640C222320CBD88F00AFB917 /* Build configuration list for PBXProject "Ekomnob_MobileApp" */;
			compatibilityVersion = "Xcode 9.3";
			developmentRegion = en;
			hasScannedForEncodings = 0;
			knownRegions = (
				en,
				Base,
			);
			mainGroup = 640C221F20CBD88F00AFB917;
			productRefGroup = 640C222920CBD88F00AFB917 /* Products */;
			projectDirPath = "";
			projectRoot = "";
			targets = (
				640C222720CBD88F00AFB917 /* Ekomnob_MobileApp */,
			);
		};
/* End PBXProject section */

/* Begin PBXResourcesBuildPhase section */
		640C222620CBD88F00AFB917 /* Resources */ = {
			isa = PBXResourcesBuildPhase;
			buildActionMask = 2147483647;
			files = (
				640C223620CBD89200AFB917 /* LaunchScreen.storyboard in Resources */,
				640C223320CBD89200AFB917 /* Assets.xcassets in Resources */,
				640C223120CBD88F00AFB917 /* Main.storyboard in Resources */,
			);
			runOnlyForDeploymentPostprocessing = 0;
		};
/* End PBXResourcesBuildPhase section */

/* Begin PBXShellScriptBuildPhase section */
		4A00AF3D876BB9FCCE3F275B /* [CP] Copy Pods Resources */ = {
			isa = PBXShellScriptBuildPhase;
			buildActionMask = 2147483647;
			files = (
			);
			inputPaths = (
				"${SRCROOT}/Pods/Target Support Files/Pods-Ekomnob_MobileApp/Pods-Ekomnob_MobileApp-resources.sh",
				"${PODS_ROOT}/GoogleSignIn/Resources/GoogleSignIn.bundle",
			);
			name = "[CP] Copy Pods Resources";
			outputPaths = (
				"${TARGET_BUILD_DIR}/${UNLOCALIZED_RESOURCES_FOLDER_PATH}/GoogleSignIn.bundle",
			);
			runOnlyForDeploymentPostprocessing = 0;
			shellPath = /bin/sh;
			shellScript = "\"${SRCROOT}/Pods/Target Support Files/Pods-Ekomnob_MobileApp/Pods-Ekomnob_MobileApp-resources.sh\"\n";
			showEnvVarsInLog = 0;
		};
		6213713C5EB7C9A3E32464CD /* [CP] Check Pods Manifest.lock */ = {
			isa = PBXShellScriptBuildPhase;
			buildActionMask = 2147483647;
			files = (
			);
			inputPaths = (
				"${PODS_PODFILE_DIR_PATH}/Podfile.lock",
				"${PODS_ROOT}/Manifest.lock",
			);
			name = "[CP] Check Pods Manifest.lock";
			outputPaths = (
				"$(DERIVED_FILE_DIR)/Pods-Ekomnob_MobileApp-checkManifestLockResult.txt",
			);
			runOnlyForDeploymentPostprocessing = 0;
			shellPath = /bin/sh;
			shellScript = "diff \"${PODS_PODFILE_DIR_PATH}/Podfile.lock\" \"${PODS_ROOT}/Manifest.lock\" > /dev/null\nif [ $? != 0 ] ; then\n    # print error to STDERR\n    echo \"error: The sandbox is not in sync with the Podfile.lock. Run 'pod install' or update your CocoaPods installation.\" >&2\n    exit 1\nfi\n# This output is used by Xcode 'outputs' to avoid re-running this script phase.\necho \"SUCCESS\" > \"${SCRIPT_OUTPUT_FILE_0}\"\n";
			showEnvVarsInLog = 0;
		};
		E6B4FC23099378304ABB6B5C /* [CP] Embed Pods Frameworks */ = {
			isa = PBXShellScriptBuildPhase;
			buildActionMask = 2147483647;
			files = (
			);
			inputPaths = (
				"${SRCROOT}/Pods/Target Support Files/Pods-Ekomnob_MobileApp/Pods-Ekomnob_MobileApp-frameworks.sh",
				"${BUILT_PRODUCTS_DIR}/Alamofire/Alamofire.framework",
				"${BUILT_PRODUCTS_DIR}/AlamofireImage/AlamofireImage.framework",
				"${BUILT_PRODUCTS_DIR}/Bolts/Bolts.framework",
				"${BUILT_PRODUCTS_DIR}/CodableAlamofire/CodableAlamofire.framework",
				"${BUILT_PRODUCTS_DIR}/FBSDKCoreKit/FBSDKCoreKit.framework",
				"${BUILT_PRODUCTS_DIR}/FBSDKLoginKit/FBSDKLoginKit.framework",
				"${BUILT_PRODUCTS_DIR}/FBSDKShareKit/FBSDKShareKit.framework",
				"${BUILT_PRODUCTS_DIR}/FacebookCore/FacebookCore.framework",
				"${BUILT_PRODUCTS_DIR}/FacebookLogin/FacebookLogin.framework",
				"${BUILT_PRODUCTS_DIR}/FacebookShare/FacebookShare.framework",
				"${BUILT_PRODUCTS_DIR}/GTMOAuth2/GTMOAuth2.framework",
				"${BUILT_PRODUCTS_DIR}/GTMSessionFetcher/GTMSessionFetcher.framework",
				"${BUILT_PRODUCTS_DIR}/GoogleToolboxForMac/GoogleToolboxForMac.framework",
				"${BUILT_PRODUCTS_DIR}/RichEditorView/RichEditorView.framework",
			);
			name = "[CP] Embed Pods Frameworks";
			outputPaths = (
				"${TARGET_BUILD_DIR}/${FRAMEWORKS_FOLDER_PATH}/Alamofire.framework",
				"${TARGET_BUILD_DIR}/${FRAMEWORKS_FOLDER_PATH}/AlamofireImage.framework",
				"${TARGET_BUILD_DIR}/${FRAMEWORKS_FOLDER_PATH}/Bolts.framework",
				"${TARGET_BUILD_DIR}/${FRAMEWORKS_FOLDER_PATH}/CodableAlamofire.framework",
				"${TARGET_BUILD_DIR}/${FRAMEWORKS_FOLDER_PATH}/FBSDKCoreKit.framework",
				"${TARGET_BUILD_DIR}/${FRAMEWORKS_FOLDER_PATH}/FBSDKLoginKit.framework",
				"${TARGET_BUILD_DIR}/${FRAMEWORKS_FOLDER_PATH}/FBSDKShareKit.framework",
				"${TARGET_BUILD_DIR}/${FRAMEWORKS_FOLDER_PATH}/FacebookCore.framework",
				"${TARGET_BUILD_DIR}/${FRAMEWORKS_FOLDER_PATH}/FacebookLogin.framework",
				"${TARGET_BUILD_DIR}/${FRAMEWORKS_FOLDER_PATH}/FacebookShare.framework",
				"${TARGET_BUILD_DIR}/${FRAMEWORKS_FOLDER_PATH}/GTMOAuth2.framework",
				"${TARGET_BUILD_DIR}/${FRAMEWORKS_FOLDER_PATH}/GTMSessionFetcher.framework",
				"${TARGET_BUILD_DIR}/${FRAMEWORKS_FOLDER_PATH}/GoogleToolboxForMac.framework",
				"${TARGET_BUILD_DIR}/${FRAMEWORKS_FOLDER_PATH}/RichEditorView.framework",
			);
			runOnlyForDeploymentPostprocessing = 0;
			shellPath = /bin/sh;
			shellScript = "\"${SRCROOT}/Pods/Target Support Files/Pods-Ekomnob_MobileApp/Pods-Ekomnob_MobileApp-frameworks.sh\"\n";
			showEnvVarsInLog = 0;
		};
/* End PBXShellScriptBuildPhase section */

/* Begin PBXSourcesBuildPhase section */
		640C222420CBD88F00AFB917 /* Sources */ = {
			isa = PBXSourcesBuildPhase;
			buildActionMask = 2147483647;
			files = (
				640C225520D12D0800AFB917 /* HomeTableViewController.swift in Sources */,
				64AC348520D6EB43007D10BA /* LocalDataStore.swift in Sources */,
				641EA86820D144090042076A /* PostContentTableViewController.swift in Sources */,
				640C225120CBE39D00AFB917 /* Constants.swift in Sources */,
				640C225720D12D7000AFB917 /* HomeTableViewCell.swift in Sources */,
				640C224520CBE04600AFB917 /* RegisterViewController.swift in Sources */,
				64AC348320D6EB01007D10BA /* ContentTypes.swift in Sources */,
				6463AD7320D61B2F002B405D /* UserProfileTableViewController.swift in Sources */,
				64ADC84620D807F200E00470 /* ContentPosts.swift in Sources */,
				640C224320CBE03600AFB917 /* SignInViewController.swift in Sources */,
				64ADC84A20D824F800E00470 /* MoreTableViewController.swift in Sources */,
				64AC348120D6D221007D10BA /* PostContentTableViewCell.swift in Sources */,
				641EA86320D136B10042076A /* VideoTableViewCell.swift in Sources */,
				640C222C20CBD88F00AFB917 /* AppDelegate.swift in Sources */,
				641EA86520D136CC0042076A /* VideoTableViewController.swift in Sources */,
				648ECD3020D6B72600BC1AA8 /* ForgotPasswordViewController.swift in Sources */,
				640C225320CBE3AF00AFB917 /* Configs.swift in Sources */,
				64ADC84820D824E700E00470 /* MoreTableViewCell.swift in Sources */,
				648ECD2E20D6B35400BC1AA8 /* Auth.swift in Sources */,
				64AC348720D6EB8C007D10BA /* ContentTypeModel.swift in Sources */,
				64ADC84420D8013200E00470 /* ContentPostModel.swift in Sources */,
			);
			runOnlyForDeploymentPostprocessing = 0;
		};
/* End PBXSourcesBuildPhase section */

/* Begin PBXVariantGroup section */
		640C222F20CBD88F00AFB917 /* Main.storyboard */ = {
			isa = PBXVariantGroup;
			children = (
				640C223020CBD88F00AFB917 /* Base */,
				6431242120EB1A5000DE6048 /* km */,
			);
			name = Main.storyboard;
			sourceTree = "<group>";
		};
		640C223420CBD89200AFB917 /* LaunchScreen.storyboard */ = {
			isa = PBXVariantGroup;
			children = (
				640C223520CBD89200AFB917 /* Base */,
				6431242220EB1A5000DE6048 /* km */,
			);
			name = LaunchScreen.storyboard;
			sourceTree = "<group>";
		};
/* End PBXVariantGroup section */

/* Begin XCBuildConfiguration section */
		640C223820CBD89200AFB917 /* Debug */ = {
			isa = XCBuildConfiguration;
			buildSettings = {
				ALWAYS_SEARCH_USER_PATHS = NO;
				CLANG_ANALYZER_LOCALIZABILITY_NONLOCALIZED = YES;
				CLANG_ANALYZER_NONNULL = YES;
				CLANG_ANALYZER_NUMBER_OBJECT_CONVERSION = YES_AGGRESSIVE;
				CLANG_CXX_LANGUAGE_STANDARD = "gnu++14";
				CLANG_CXX_LIBRARY = "libc++";
				CLANG_ENABLE_MODULES = YES;
				CLANG_ENABLE_OBJC_ARC = YES;
				CLANG_ENABLE_OBJC_WEAK = YES;
				CLANG_WARN_BLOCK_CAPTURE_AUTORELEASING = YES;
				CLANG_WARN_BOOL_CONVERSION = YES;
				CLANG_WARN_COMMA = YES;
				CLANG_WARN_CONSTANT_CONVERSION = YES;
				CLANG_WARN_DEPRECATED_OBJC_IMPLEMENTATIONS = YES;
				CLANG_WARN_DIRECT_OBJC_ISA_USAGE = YES_ERROR;
				CLANG_WARN_DOCUMENTATION_COMMENTS = YES;
				CLANG_WARN_EMPTY_BODY = YES;
				CLANG_WARN_ENUM_CONVERSION = YES;
				CLANG_WARN_INFINITE_RECURSION = YES;
				CLANG_WARN_INT_CONVERSION = YES;
				CLANG_WARN_NON_LITERAL_NULL_CONVERSION = YES;
				CLANG_WARN_OBJC_IMPLICIT_RETAIN_SELF = YES;
				CLANG_WARN_OBJC_LITERAL_CONVERSION = YES;
				CLANG_WARN_OBJC_ROOT_CLASS = YES_ERROR;
				CLANG_WARN_RANGE_LOOP_ANALYSIS = YES;
				CLANG_WARN_STRICT_PROTOTYPES = YES;
				CLANG_WARN_SUSPICIOUS_MOVE = YES;
				CLANG_WARN_UNGUARDED_AVAILABILITY = YES_AGGRESSIVE;
				CLANG_WARN_UNREACHABLE_CODE = YES;
				CLANG_WARN__DUPLICATE_METHOD_MATCH = YES;
				CODE_SIGN_IDENTITY = "iPhone Developer";
				COPY_PHASE_STRIP = NO;
				DEBUG_INFORMATION_FORMAT = dwarf;
				ENABLE_STRICT_OBJC_MSGSEND = YES;
				ENABLE_TESTABILITY = YES;
				GCC_C_LANGUAGE_STANDARD = gnu11;
				GCC_DYNAMIC_NO_PIC = NO;
				GCC_NO_COMMON_BLOCKS = YES;
				GCC_OPTIMIZATION_LEVEL = 0;
				GCC_PREPROCESSOR_DEFINITIONS = (
					"DEBUG=1",
					"$(inherited)",
				);
				GCC_WARN_64_TO_32_BIT_CONVERSION = YES;
				GCC_WARN_ABOUT_RETURN_TYPE = YES_ERROR;
				GCC_WARN_UNDECLARED_SELECTOR = YES;
				GCC_WARN_UNINITIALIZED_AUTOS = YES_AGGRESSIVE;
				GCC_WARN_UNUSED_FUNCTION = YES;
				GCC_WARN_UNUSED_VARIABLE = YES;
				IPHONEOS_DEPLOYMENT_TARGET = 11.4;
				MTL_ENABLE_DEBUG_INFO = YES;
				ONLY_ACTIVE_ARCH = YES;
				SDKROOT = iphoneos;
				SWIFT_ACTIVE_COMPILATION_CONDITIONS = DEBUG;
				SWIFT_OPTIMIZATION_LEVEL = "-Onone";
			};
			name = Debug;
		};
		640C223920CBD89200AFB917 /* Release */ = {
			isa = XCBuildConfiguration;
			buildSettings = {
				ALWAYS_SEARCH_USER_PATHS = NO;
				CLANG_ANALYZER_LOCALIZABILITY_NONLOCALIZED = YES;
				CLANG_ANALYZER_NONNULL = YES;
				CLANG_ANALYZER_NUMBER_OBJECT_CONVERSION = YES_AGGRESSIVE;
				CLANG_CXX_LANGUAGE_STANDARD = "gnu++14";
				CLANG_CXX_LIBRARY = "libc++";
				CLANG_ENABLE_MODULES = YES;
				CLANG_ENABLE_OBJC_ARC = YES;
				CLANG_ENABLE_OBJC_WEAK = YES;
				CLANG_WARN_BLOCK_CAPTURE_AUTORELEASING = YES;
				CLANG_WARN_BOOL_CONVERSION = YES;
				CLANG_WARN_COMMA = YES;
				CLANG_WARN_CONSTANT_CONVERSION = YES;
				CLANG_WARN_DEPRECATED_OBJC_IMPLEMENTATIONS = YES;
				CLANG_WARN_DIRECT_OBJC_ISA_USAGE = YES_ERROR;
				CLANG_WARN_DOCUMENTATION_COMMENTS = YES;
				CLANG_WARN_EMPTY_BODY = YES;
				CLANG_WARN_ENUM_CONVERSION = YES;
				CLANG_WARN_INFINITE_RECURSION = YES;
				CLANG_WARN_INT_CONVERSION = YES;
				CLANG_WARN_NON_LITERAL_NULL_CONVERSION = YES;
				CLANG_WARN_OBJC_IMPLICIT_RETAIN_SELF = YES;
				CLANG_WARN_OBJC_LITERAL_CONVERSION = YES;
				CLANG_WARN_OBJC_ROOT_CLASS = YES_ERROR;
				CLANG_WARN_RANGE_LOOP_ANALYSIS = YES;
				CLANG_WARN_STRICT_PROTOTYPES = YES;
				CLANG_WARN_SUSPICIOUS_MOVE = YES;
				CLANG_WARN_UNGUARDED_AVAILABILITY = YES_AGGRESSIVE;
				CLANG_WARN_UNREACHABLE_CODE = YES;
				CLANG_WARN__DUPLICATE_METHOD_MATCH = YES;
				CODE_SIGN_IDENTITY = "iPhone Developer";
				COPY_PHASE_STRIP = NO;
				DEBUG_INFORMATION_FORMAT = "dwarf-with-dsym";
				ENABLE_NS_ASSERTIONS = NO;
				ENABLE_STRICT_OBJC_MSGSEND = YES;
				GCC_C_LANGUAGE_STANDARD = gnu11;
				GCC_NO_COMMON_BLOCKS = YES;
				GCC_WARN_64_TO_32_BIT_CONVERSION = YES;
				GCC_WARN_ABOUT_RETURN_TYPE = YES_ERROR;
				GCC_WARN_UNDECLARED_SELECTOR = YES;
				GCC_WARN_UNINITIALIZED_AUTOS = YES_AGGRESSIVE;
				GCC_WARN_UNUSED_FUNCTION = YES;
				GCC_WARN_UNUSED_VARIABLE = YES;
				IPHONEOS_DEPLOYMENT_TARGET = 11.4;
				MTL_ENABLE_DEBUG_INFO = NO;
				SDKROOT = iphoneos;
				SWIFT_COMPILATION_MODE = wholemodule;
				SWIFT_OPTIMIZATION_LEVEL = "-O";
				VALIDATE_PRODUCT = YES;
			};
			name = Release;
		};
		640C223B20CBD89200AFB917 /* Debug */ = {
			isa = XCBuildConfiguration;
			baseConfigurationReference = F8249FB5F8BAE353EC72AF27 /* Pods-Ekomnob_MobileApp.debug.xcconfig */;
			buildSettings = {
				ASSETCATALOG_COMPILER_APPICON_NAME = AppIcon;
				CODE_SIGN_STYLE = Automatic;
				DEVELOPMENT_TEAM = 9C48MYSXV2;
				INFOPLIST_FILE = Ekomnob_MobileApp/Info.plist;
				IPHONEOS_DEPLOYMENT_TARGET = 9.0;
				LD_RUNPATH_SEARCH_PATHS = (
					"$(inherited)",
					"@executable_path/Frameworks",
				);
				PRODUCT_BUNDLE_IDENTIFIER = "own.Ekomnob-MobileApp";
				PRODUCT_NAME = "$(TARGET_NAME)";
				SWIFT_VERSION = 4.0;
				TARGETED_DEVICE_FAMILY = "1,2";
			};
			name = Debug;
		};
		640C223C20CBD89200AFB917 /* Release */ = {
			isa = XCBuildConfiguration;
			baseConfigurationReference = AE07B4DCE1EC8F2E03D9D459 /* Pods-Ekomnob_MobileApp.release.xcconfig */;
			buildSettings = {
				ASSETCATALOG_COMPILER_APPICON_NAME = AppIcon;
				CODE_SIGN_STYLE = Automatic;
				DEVELOPMENT_TEAM = 9C48MYSXV2;
				INFOPLIST_FILE = Ekomnob_MobileApp/Info.plist;
				IPHONEOS_DEPLOYMENT_TARGET = 9.0;
				LD_RUNPATH_SEARCH_PATHS = (
					"$(inherited)",
					"@executable_path/Frameworks",
				);
				PRODUCT_BUNDLE_IDENTIFIER = "own.Ekomnob-MobileApp";
				PRODUCT_NAME = "$(TARGET_NAME)";
				SWIFT_VERSION = 4.0;
				TARGETED_DEVICE_FAMILY = "1,2";
			};
			name = Release;
		};
/* End XCBuildConfiguration section */

/* Begin XCConfigurationList section */
		640C222320CBD88F00AFB917 /* Build configuration list for PBXProject "Ekomnob_MobileApp" */ = {
			isa = XCConfigurationList;
			buildConfigurations = (
				640C223820CBD89200AFB917 /* Debug */,
				640C223920CBD89200AFB917 /* Release */,
			);
			defaultConfigurationIsVisible = 0;
			defaultConfigurationName = Release;
		};
		640C223A20CBD89200AFB917 /* Build configuration list for PBXNativeTarget "Ekomnob_MobileApp" */ = {
			isa = XCConfigurationList;
			buildConfigurations = (
				640C223B20CBD89200AFB917 /* Debug */,
				640C223C20CBD89200AFB917 /* Release */,
			);
			defaultConfigurationIsVisible = 0;
			defaultConfigurationName = Release;
		};
/* End XCConfigurationList section */
	};
	rootObject = 640C222020CBD88F00AFB917 /* Project object */;
}
